{
  "version": 4,
  "terraform_version": "1.2.5",
  "serial": 67,
  "lineage": "fb5809ff-5373-7fee-3681-7f0a5cbcdf55",
  "outputs": {},
  "resources": [
    {
      "module": "module.bastion",
      "mode": "managed",
      "type": "google_compute_instance",
      "name": "bastion",
      "provider": "provider[\"registry.terraform.io/hashicorp/google\"]",
      "instances": [
        {
          "schema_version": 6,
          "attributes": {
            "allow_stopping_for_update": true,
            "attached_disk": [],
            "boot_disk": [
              {
                "auto_delete": true,
                "device_name": "persistent-disk-0",
                "disk_encryption_key_raw": "",
                "disk_encryption_key_sha256": "",
                "initialize_params": [
                  {
                    "image": "https://www.googleapis.com/compute/v1/projects/debian-cloud/global/images/debian-10-buster-v20220719",
                    "labels": {},
                    "size": 10,
                    "type": "pd-standard"
                  }
                ],
                "kms_key_self_link": "",
                "mode": "READ_WRITE",
                "source": "https://www.googleapis.com/compute/v1/projects/gcp-terraform-357100/zones/us-central1-a/disks/management-vm"
              }
            ],
            "can_ip_forward": false,
            "cpu_platform": "Intel Broadwell",
            "current_status": "RUNNING",
            "deletion_protection": false,
            "description": "",
            "desired_status": null,
            "enable_display": false,
            "guest_accelerator": [],
            "hostname": "",
            "id": "projects/gcp-terraform-357100/zones/us-central1-a/instances/management-vm",
            "instance_id": "8162013418479537351",
            "label_fingerprint": "42WmSpB8rSM=",
            "labels": {},
            "machine_type": "e2-medium",
            "metadata": {
              "ssh-keys": "mahmoud_abdelfatah1871996:ecdsa-sha2-nistp256 AAAAE2VjZHNhLXNoYTItbmlzdHAyNTYAAAAIbmlzdHAyNTYAAABBBDPOM+FpxHVjpsUewVipehKPX8GZptAhUGqN55qzBnlAahuoxCkCBQQBQCZzMkR67Ioy08dH48VXqkDb2jXboIQ= google-ssh {\"userName\":\"mahmoud.abdelfatah1871996@gmail.com\",\"expireOn\":\"2022-07-24T00:50:28+0000\"}\nmahmoud_abdelfatah1871996:ssh-rsa AAAAB3NzaC1yc2EAAAADAQABAAABAQCf8TcpfVwWC2O7VgPmcFDW8sUne5kzNCTGa86mzEOhC+6vnmmY2glZmZxTdsjvi48N/pPvtYaOqdIrhlFDbCIGmkcmphX6+QsZ5MzF3LsiPdVHC78cDAG58dIYUH5alb/kzv84+GPwA5klOUGxcFn5Vz23O71nj8Zwjf8zh3k1zDgc0Myui0lN2sURoa2YjqHaIA5FNGI85FQyDrZ4bzpl+zRRgy41ali196fTUMwZbawIJTsWfXvrQZ0iF6fTppFy9hroiCwdlh61kzve41ve/LfO9OvzYu23AO8n66V/U/Guxelk2/nKRKKYvzAlj3Hwj9+pcMJIblXxezGAHidD google-ssh {\"userName\":\"mahmoud.abdelfatah1871996@gmail.com\",\"expireOn\":\"2022-07-24T00:50:47+0000\"}"
            },
            "metadata_fingerprint": "gKUy7ZDn2Zs=",
            "metadata_startup_script": "",
            "min_cpu_platform": "",
            "name": "management-vm",
            "network_interface": [
              {
                "access_config": [
                  {
                    "nat_ip": "35.209.148.87",
                    "network_tier": "STANDARD",
                    "public_ptr_domain_name": ""
                  }
                ],
                "alias_ip_range": [],
                "name": "nic0",
                "network": "https://www.googleapis.com/compute/v1/projects/gcp-terraform-357100/global/networks/vpc-gke",
                "network_ip": "10.0.0.2",
                "subnetwork": "https://www.googleapis.com/compute/v1/projects/gcp-terraform-357100/regions/us-central1/subnetworks/management-subnet",
                "subnetwork_project": "gcp-terraform-357100"
              }
            ],
            "project": "gcp-terraform-357100",
            "resource_policies": [],
            "scheduling": [
              {
                "automatic_restart": true,
                "node_affinities": [],
                "on_host_maintenance": "MIGRATE",
                "preemptible": false
              }
            ],
            "scratch_disk": [],
            "self_link": "https://www.googleapis.com/compute/v1/projects/gcp-terraform-357100/zones/us-central1-a/instances/management-vm",
            "service_account": [
              {
                "email": "bastion-service-account@gcp-terraform-357100.iam.gserviceaccount.com",
                "scopes": [
                  "https://www.googleapis.com/auth/cloud-platform"
                ]
              }
            ],
            "shielded_instance_config": [
              {
                "enable_integrity_monitoring": true,
                "enable_secure_boot": false,
                "enable_vtpm": true
              }
            ],
            "tags": [
              "bastion"
            ],
            "tags_fingerprint": "NfTTNVh6sLU=",
            "timeouts": null,
            "zone": "us-central1-a"
          },
          "sensitive_attributes": [],
          "private": "eyJlMmJmYjczMC1lY2FhLTExZTYtOGY4OC0zNDM2M2JjN2M0YzAiOnsiY3JlYXRlIjoxMjAwMDAwMDAwMDAwLCJkZWxldGUiOjEyMDAwMDAwMDAwMDAsInVwZGF0ZSI6MTIwMDAwMDAwMDAwMH0sInNjaGVtYV92ZXJzaW9uIjoiNiJ9",
          "dependencies": [
            "module.bastion.google_service_account.bastion-sa",
            "module.network.google_compute_network.vpc",
            "module.network.google_compute_subnetwork.management-sn"
          ]
        }
      ]
    },
    {
      "module": "module.bastion",
      "mode": "managed",
      "type": "google_service_account",
      "name": "bastion-sa",
      "provider": "provider[\"registry.terraform.io/hashicorp/google\"]",
      "instances": [
        {
          "schema_version": 0,
          "attributes": {
            "account_id": "bastion-service-account",
            "description": "",
            "display_name": "Service Account for Bastion VM",
            "email": "bastion-service-account@gcp-terraform-357100.iam.gserviceaccount.com",
            "id": "projects/gcp-terraform-357100/serviceAccounts/bastion-service-account@gcp-terraform-357100.iam.gserviceaccount.com",
            "name": "projects/gcp-terraform-357100/serviceAccounts/bastion-service-account@gcp-terraform-357100.iam.gserviceaccount.com",
            "project": "gcp-terraform-357100",
            "timeouts": null,
            "unique_id": "112716651903407117864"
          },
          "sensitive_attributes": [],
          "private": "eyJlMmJmYjczMC1lY2FhLTExZTYtOGY4OC0zNDM2M2JjN2M0YzAiOnsiY3JlYXRlIjozMDAwMDAwMDAwMDB9fQ=="
        }
      ]
    },
    {
      "module": "module.gke",
      "mode": "managed",
      "type": "google_container_cluster",
      "name": "private_cluster",
      "provider": "provider[\"registry.terraform.io/hashicorp/google\"]",
      "instances": [
        {
          "schema_version": 1,
          "attributes": {
            "addons_config": [
              {
                "cloudrun_config": [],
                "horizontal_pod_autoscaling": [],
                "http_load_balancing": [],
                "network_policy_config": [
                  {
                    "disabled": false
                  }
                ]
              }
            ],
            "authenticator_groups_config": [],
            "cluster_autoscaling": [
              {
                "auto_provisioning_defaults": [],
                "enabled": false,
                "resource_limits": []
              }
            ],
            "cluster_ipv4_cidr": "10.101.0.0/16",
            "database_encryption": [
              {
                "key_name": "",
                "state": "DECRYPTED"
              }
            ],
            "default_max_pods_per_node": 110,
            "description": "",
            "enable_binary_authorization": false,
            "enable_intranode_visibility": null,
            "enable_kubernetes_alpha": false,
            "enable_legacy_abac": false,
            "enable_shielded_nodes": false,
            "enable_tpu": null,
            "endpoint": "10.100.100.2",
            "id": "projects/gcp-terraform-357100/locations/us-central1/clusters/private-cluster",
            "initial_node_count": 1,
            "instance_group_urls": [
              "https://www.googleapis.com/compute/v1/projects/gcp-terraform-357100/zones/us-central1-b/instanceGroups/gke-private-cluster-private-cluster-n-3b4e3408-grp"
            ],
            "ip_allocation_policy": [
              {
                "cluster_ipv4_cidr_block": "10.101.0.0/16",
                "cluster_secondary_range_name": "gke-private-cluster-pods-64071446",
                "services_ipv4_cidr_block": "10.102.0.0/16",
                "services_secondary_range_name": "gke-private-cluster-services-64071446"
              }
            ],
            "label_fingerprint": "a9dc16a7",
            "location": "us-central1",
            "logging_service": "logging.googleapis.com/kubernetes",
            "maintenance_policy": [],
            "master_auth": [
              {
                "client_certificate": "",
                "client_certificate_config": [
                  {
                    "issue_client_certificate": false
                  }
                ],
                "client_key": "",
                "cluster_ca_certificate": "LS0tLS1CRUdJTiBDRVJUSUZJQ0FURS0tLS0tCk1JSUVMVENDQXBXZ0F3SUJBZ0lSQU5iOEJpNGVPVDlvQ3BDN2hGcXFVUUF3RFFZSktvWklodmNOQVFFTEJRQXcKTHpFdE1Dc0dBMVVFQXhNa1pUazVZalk0TXpVdE1UTXlNQzAwTUdObUxXRTJaVE10TURNMFpEYzNZak15TnpZNApNQ0FYRFRJeU1EY3lNekl4TVRJd09Gb1lEekl3TlRJd056RTFNakl4TWpBNFdqQXZNUzB3S3dZRFZRUURFeVJsCk9UbGlOamd6TlMweE16SXdMVFF3WTJZdFlUWmxNeTB3TXpSa056ZGlNekkzTmpnd2dnR2lNQTBHQ1NxR1NJYjMKRFFFQkFRVUFBNElCandBd2dnR0tBb0lCZ1FDeW14VExwdC8vYnhncG44RmtMQVBVRHZTQjBpTkh0WWNQSDJIMApZNTUvOHl1UEpReTBLaGpMRm9IMDQ4VHpXUVRkcklGRCtyUkR6bkl0L0U1M24wMlhhZDRSeHJsZS9GWXFtTDNMCkt5NEpXbEdNanRpSFdQK0R5OVN5YUd3TlcvbUEwSzNXVElHWkpCNE93V0dieWgyYnNPam5NWTVUaEFKMjRHU1YKL2d5K2hyeDFFbFlzN2RTdi9nNHVMTXdQZWJXNnk3TDVOWDNqR3puemhOTEtJaEZXVXJJWXhFcGtGdVorL3Vocgo4dTJveXpBUXJUaiswWVUxNnJndXIxWlIwMjRaTnhJby9XUGQyaUVsNlloSnRVc3o4MjJPMjlReFhmS1g2cmtqCjM5YWt0d0xiS3BUWCtYcDhEM3hqdTdqSkMzYlVhdlBGcGc5em1OcEhPVENleG02N0E1ZEM3YlZjZ1gvYm83TisKSTQ5ZS9oS1NHK0I2a0lva2UrZExqTWZWTkhHZjNVNHpkNHdZSThjYzdHY0hiRTMremNlZTBxSTZLc1c0Sks4bgpZblRHTmxKbGcvR0xta0g2OVY3dG5jejR5cGtNV3BBaHlnYnM1NFo1MWFndVVhaVRZYmNvUmpHQmRFV1hFblpFCnNUTVNIcW5JaW01NWVmRHBCRjA0UU9zcWNZOENBd0VBQWFOQ01FQXdEZ1lEVlIwUEFRSC9CQVFEQWdJRU1BOEcKQTFVZEV3RUIvd1FGTUFNQkFmOHdIUVlEVlIwT0JCWUVGSjUyRkJmM2hRYWFkWDZBeHFSTU14cllzVDc1TUEwRwpDU3FHU0liM0RRRUJDd1VBQTRJQmdRQW9NM0x3T3M1a0NDZjh0WUo5RDlXbWxCVW03cGVqTDVhbWR1YTdXeHBWCld5akIwNFB0bC9Nak9NQzJXbVR4dlR0dGtOd0dpK2tJTHBPK0h2aDU3dk52VFYwRVBIaTN4dFhwU1FKVjZ4U0kKdGc4anIrMHE3NU1xUEJ1SGlsYVNSNSszaHFPNkRqNy9KMEZjT0hDemlaREJSdTBtOUN3NFFzYmV4aGNLcEJoWAo1dHlORmNuMjlsVEx6OHA4ZW5IUmhDUWNCdnEzQm9uV3VHb01aQU85aG56NzV6cmRENmlQMHZlWkR5R1lUMTdrCitJS3lZa21DZGYxM1FZbTZsc2d4Si82dFhDK0NKN3pFajF0WGZOcVdnYlE1REN6WEcvcjVXT3NsTWZmUlJKUTAKbnZiV0crZDZSQnJHaUM0NUNTY0krL1h3MFpGSFNJTUhibVNMOUZLdGlrYUtIOFI2UEhqZ1lyalBUaU8xb0ZhZwp0U3lZN1RTSWE5VjVlWmFubW5FNlNvbENwOVB1V0llWWhNay95dW1zUzFHTWZTQTREWGRtQmZ1S1lQM3EyQlc4Cm9SdWo1eTBNcDBtRDJLKy9GMHBPeGlWV1lsVVJSTU9Kb1pqazFMVUo1R2dncERmdUN1dGVYejljSVVCc0szeUQKU05kVVA2KzZLMmtvZG9DN1ZyL0ZMNEU9Ci0tLS0tRU5EIENFUlRJRklDQVRFLS0tLS0K",
                "password": "",
                "username": ""
              }
            ],
            "master_authorized_networks_config": [
              {
                "cidr_blocks": [
                  {
                    "cidr_block": "10.0.0.2/32",
                    "display_name": "External Control Plane access"
                  }
                ]
              }
            ],
            "master_version": "1.21.12-gke.1500",
            "min_master_version": null,
            "monitoring_service": "monitoring.googleapis.com/kubernetes",
            "name": "private-cluster",
            "network": "projects/gcp-terraform-357100/global/networks/vpc-gke",
            "network_policy": [
              {
                "enabled": true,
                "provider": ""
              }
            ],
            "node_config": [
              {
                "disk_size_gb": 100,
                "disk_type": "pd-standard",
                "guest_accelerator": [],
                "image_type": "COS_CONTAINERD",
                "labels": {
                  "cluster": "private-cluster"
                },
                "local_ssd_count": 0,
                "machine_type": "e2-medium",
                "metadata": {
                  "disable-legacy-endpoints": "true"
                },
                "min_cpu_platform": "",
                "oauth_scopes": [
                  "https://www.googleapis.com/auth/cloud-platform"
                ],
                "preemptible": true,
                "service_account": "my-sa-817@gcp-terraform-357100.iam.gserviceaccount.com",
                "shielded_instance_config": [
                  {
                    "enable_integrity_monitoring": true,
                    "enable_secure_boot": false
                  }
                ],
                "tags": [],
                "taint": [],
                "workload_metadata_config": []
              }
            ],
            "node_locations": [
              "us-central1-a",
              "us-central1-b",
              "us-central1-c"
            ],
            "node_pool": [
              {
                "autoscaling": [
                  {
                    "max_node_count": 1,
                    "min_node_count": 1
                  }
                ],
                "initial_node_count": 1,
                "instance_group_urls": [
                  "https://www.googleapis.com/compute/v1/projects/gcp-terraform-357100/zones/us-central1-b/instanceGroupManagers/gke-private-cluster-private-cluster-n-3b4e3408-grp"
                ],
                "management": [
                  {
                    "auto_repair": true,
                    "auto_upgrade": true
                  }
                ],
                "max_pods_per_node": 100,
                "name": "private-cluster-node-pool",
                "name_prefix": "",
                "node_config": [
                  {
                    "disk_size_gb": 100,
                    "disk_type": "pd-standard",
                    "guest_accelerator": [],
                    "image_type": "COS_CONTAINERD",
                    "labels": {
                      "cluster": "private-cluster"
                    },
                    "local_ssd_count": 0,
                    "machine_type": "e2-medium",
                    "metadata": {
                      "disable-legacy-endpoints": "true"
                    },
                    "min_cpu_platform": "",
                    "oauth_scopes": [
                      "https://www.googleapis.com/auth/cloud-platform"
                    ],
                    "preemptible": true,
                    "service_account": "my-sa-817@gcp-terraform-357100.iam.gserviceaccount.com",
                    "shielded_instance_config": [
                      {
                        "enable_integrity_monitoring": true,
                        "enable_secure_boot": false
                      }
                    ],
                    "tags": [],
                    "taint": [],
                    "workload_metadata_config": []
                  }
                ],
                "node_count": 1,
                "node_locations": [
                  "us-central1-b"
                ],
                "upgrade_settings": [
                  {
                    "max_surge": 1,
                    "max_unavailable": 0
                  }
                ],
                "version": "1.21.12-gke.1500"
              }
            ],
            "node_version": "1.21.12-gke.1500",
            "operation": null,
            "pod_security_policy_config": [],
            "private_cluster_config": [
              {
                "enable_private_endpoint": true,
                "enable_private_nodes": true,
                "master_ipv4_cidr_block": "10.100.100.0/28",
                "peering_name": "gke-nf73b9de5aa1b515fc95-d7e2-deb2-peer",
                "private_endpoint": "10.100.100.2",
                "public_endpoint": "34.68.37.194"
              }
            ],
            "project": "gcp-terraform-357100",
            "release_channel": [
              {
                "channel": "STABLE"
              }
            ],
            "remove_default_node_pool": true,
            "resource_labels": {},
            "resource_usage_export_config": [],
            "self_link": "https://container.googleapis.com/v1beta1/projects/gcp-terraform-357100/locations/us-central1/clusters/private-cluster",
            "services_ipv4_cidr": "10.102.0.0/16",
            "subnetwork": "projects/gcp-terraform-357100/regions/us-central1/subnetworks/restricted-subnet",
            "timeouts": null,
            "vertical_pod_autoscaling": [],
            "workload_identity_config": []
          },
          "sensitive_attributes": [],
          "private": "eyJlMmJmYjczMC1lY2FhLTExZTYtOGY4OC0zNDM2M2JjN2M0YzAiOnsiY3JlYXRlIjoyNDAwMDAwMDAwMDAwLCJkZWxldGUiOjI0MDAwMDAwMDAwMDAsInJlYWQiOjI0MDAwMDAwMDAwMDAsInVwZGF0ZSI6MzYwMDAwMDAwMDAwMH0sInNjaGVtYV92ZXJzaW9uIjoiMSJ9",
          "dependencies": [
            "module.bastion.google_compute_instance.bastion",
            "module.bastion.google_service_account.bastion-sa",
            "module.network.google_compute_network.vpc",
            "module.network.google_compute_subnetwork.management-sn",
            "module.network.google_compute_subnetwork.restricted-sn"
          ]
        }
      ]
    },
    {
      "module": "module.gke",
      "mode": "managed",
      "type": "google_container_node_pool",
      "name": "private-cluster-node-pool",
      "provider": "provider[\"registry.terraform.io/hashicorp/google\"]",
      "instances": [
        {
          "schema_version": 1,
          "attributes": {
            "autoscaling": [
              {
                "max_node_count": 1,
                "min_node_count": 1
              }
            ],
            "cluster": "private-cluster",
            "id": "projects/gcp-terraform-357100/locations/us-central1/clusters/private-cluster/nodePools/private-cluster-node-pool",
            "initial_node_count": 1,
            "instance_group_urls": [
              "https://www.googleapis.com/compute/v1/projects/gcp-terraform-357100/zones/us-central1-b/instanceGroupManagers/gke-private-cluster-private-cluster-n-3b4e3408-grp"
            ],
            "location": "us-central1",
            "management": [
              {
                "auto_repair": true,
                "auto_upgrade": true
              }
            ],
            "max_pods_per_node": 100,
            "name": "private-cluster-node-pool",
            "name_prefix": "",
            "node_config": [
              {
                "disk_size_gb": 100,
                "disk_type": "pd-standard",
                "guest_accelerator": [],
                "image_type": "COS_CONTAINERD",
                "labels": {
                  "cluster": "private-cluster"
                },
                "local_ssd_count": 0,
                "machine_type": "e2-medium",
                "metadata": {
                  "disable-legacy-endpoints": "true"
                },
                "min_cpu_platform": "",
                "oauth_scopes": [
                  "https://www.googleapis.com/auth/cloud-platform"
                ],
                "preemptible": true,
                "service_account": "my-sa-817@gcp-terraform-357100.iam.gserviceaccount.com",
                "shielded_instance_config": [
                  {
                    "enable_integrity_monitoring": true,
                    "enable_secure_boot": false
                  }
                ],
                "tags": [],
                "taint": [],
                "workload_metadata_config": []
              }
            ],
            "node_count": 1,
            "node_locations": [
              "us-central1-b"
            ],
            "project": "gcp-terraform-357100",
            "timeouts": null,
            "upgrade_settings": [
              {
                "max_surge": 1,
                "max_unavailable": 0
              }
            ],
            "version": "1.21.12-gke.1500"
          },
          "sensitive_attributes": [],
          "private": "eyJlMmJmYjczMC1lY2FhLTExZTYtOGY4OC0zNDM2M2JjN2M0YzAiOnsiY3JlYXRlIjoxODAwMDAwMDAwMDAwLCJkZWxldGUiOjE4MDAwMDAwMDAwMDAsInVwZGF0ZSI6MTgwMDAwMDAwMDAwMH0sInNjaGVtYV92ZXJzaW9uIjoiMSJ9",
          "dependencies": [
            "module.bastion.google_compute_instance.bastion",
            "module.bastion.google_service_account.bastion-sa",
            "module.gke.google_container_cluster.private_cluster",
            "module.network.google_compute_network.vpc",
            "module.network.google_compute_subnetwork.management-sn",
            "module.network.google_compute_subnetwork.restricted-sn"
          ]
        }
      ]
    },
    {
      "module": "module.network",
      "mode": "managed",
      "type": "google_compute_network",
      "name": "vpc",
      "provider": "provider[\"registry.terraform.io/hashicorp/google\"]",
      "instances": [
        {
          "schema_version": 0,
          "attributes": {
            "auto_create_subnetworks": false,
            "delete_default_routes_on_create": true,
            "description": "",
            "gateway_ipv4": "",
            "id": "projects/gcp-terraform-357100/global/networks/vpc-gke",
            "mtu": 0,
            "name": "vpc-gke",
            "project": "gcp-terraform-357100",
            "routing_mode": "REGIONAL",
            "self_link": "https://www.googleapis.com/compute/v1/projects/gcp-terraform-357100/global/networks/vpc-gke",
            "timeouts": null
          },
          "sensitive_attributes": [],
          "private": "eyJlMmJmYjczMC1lY2FhLTExZTYtOGY4OC0zNDM2M2JjN2M0YzAiOnsiY3JlYXRlIjoyNDAwMDAwMDAwMDAsImRlbGV0ZSI6MjQwMDAwMDAwMDAwLCJ1cGRhdGUiOjI0MDAwMDAwMDAwMH19"
        }
      ]
    },
    {
      "module": "module.network",
      "mode": "managed",
      "type": "google_compute_router",
      "name": "router",
      "provider": "provider[\"registry.terraform.io/hashicorp/google\"]",
      "instances": [
        {
          "schema_version": 0,
          "attributes": {
            "bgp": [],
            "creation_timestamp": "2022-07-23T15:11:36.196-07:00",
            "description": "",
            "id": "projects/gcp-terraform-357100/regions/us-central1/routers/vm-router",
            "name": "vm-router",
            "network": "https://www.googleapis.com/compute/v1/projects/gcp-terraform-357100/global/networks/vpc-gke",
            "project": "gcp-terraform-357100",
            "region": "us-central1",
            "self_link": "https://www.googleapis.com/compute/v1/projects/gcp-terraform-357100/regions/us-central1/routers/vm-router",
            "timeouts": null
          },
          "sensitive_attributes": [],
          "private": "eyJlMmJmYjczMC1lY2FhLTExZTYtOGY4OC0zNDM2M2JjN2M0YzAiOnsiY3JlYXRlIjoyNDAwMDAwMDAwMDAsImRlbGV0ZSI6MjQwMDAwMDAwMDAwLCJ1cGRhdGUiOjI0MDAwMDAwMDAwMH19",
          "dependencies": [
            "module.network.google_compute_network.vpc"
          ]
        }
      ]
    },
    {
      "module": "module.network",
      "mode": "managed",
      "type": "google_compute_router_nat",
      "name": "nat",
      "provider": "provider[\"registry.terraform.io/hashicorp/google\"]",
      "instances": [
        {
          "schema_version": 0,
          "attributes": {
            "drain_nat_ips": [],
            "icmp_idle_timeout_sec": 30,
            "id": "gcp-terraform-357100/us-central1/vm-router/vm-router-nat",
            "log_config": [
              {
                "enable": true,
                "filter": "ERRORS_ONLY"
              }
            ],
            "min_ports_per_vm": 0,
            "name": "vm-router-nat",
            "nat_ip_allocate_option": "AUTO_ONLY",
            "nat_ips": [],
            "project": "gcp-terraform-357100",
            "region": "us-central1",
            "router": "vm-router",
            "source_subnetwork_ip_ranges_to_nat": "LIST_OF_SUBNETWORKS",
            "subnetwork": [
              {
                "name": "https://www.googleapis.com/compute/v1/projects/gcp-terraform-357100/regions/us-central1/subnetworks/management-subnet",
                "secondary_ip_range_names": [],
                "source_ip_ranges_to_nat": [
                  "ALL_IP_RANGES"
                ]
              }
            ],
            "tcp_established_idle_timeout_sec": 1200,
            "tcp_transitory_idle_timeout_sec": 30,
            "timeouts": null,
            "udp_idle_timeout_sec": 30
          },
          "sensitive_attributes": [],
          "private": "eyJlMmJmYjczMC1lY2FhLTExZTYtOGY4OC0zNDM2M2JjN2M0YzAiOnsiY3JlYXRlIjo2MDAwMDAwMDAwMDAsImRlbGV0ZSI6NjAwMDAwMDAwMDAwLCJ1cGRhdGUiOjYwMDAwMDAwMDAwMH19",
          "dependencies": [
            "module.network.google_compute_network.vpc",
            "module.network.google_compute_router.router",
            "module.network.google_compute_subnetwork.management-sn"
          ]
        }
      ]
    },
    {
      "module": "module.network",
      "mode": "managed",
      "type": "google_compute_subnetwork",
      "name": "management-sn",
      "provider": "provider[\"registry.terraform.io/hashicorp/google\"]",
      "instances": [
        {
          "schema_version": 0,
          "attributes": {
            "creation_timestamp": "2022-07-23T15:11:36.183-07:00",
            "description": "",
            "fingerprint": null,
            "gateway_address": "10.0.0.1",
            "id": "projects/gcp-terraform-357100/regions/us-central1/subnetworks/management-subnet",
            "ip_cidr_range": "10.0.0.0/16",
            "log_config": [],
            "name": "management-subnet",
            "network": "https://www.googleapis.com/compute/v1/projects/gcp-terraform-357100/global/networks/vpc-gke",
            "private_ip_google_access": true,
            "private_ipv6_google_access": "DISABLE_GOOGLE_ACCESS",
            "project": "gcp-terraform-357100",
            "region": "us-central1",
            "secondary_ip_range": [],
            "self_link": "https://www.googleapis.com/compute/v1/projects/gcp-terraform-357100/regions/us-central1/subnetworks/management-subnet",
            "timeouts": null
          },
          "sensitive_attributes": [],
          "private": "eyJlMmJmYjczMC1lY2FhLTExZTYtOGY4OC0zNDM2M2JjN2M0YzAiOnsiY3JlYXRlIjozNjAwMDAwMDAwMDAsImRlbGV0ZSI6MzYwMDAwMDAwMDAwLCJ1cGRhdGUiOjM2MDAwMDAwMDAwMH19",
          "dependencies": [
            "module.network.google_compute_network.vpc"
          ]
        }
      ]
    },
    {
      "module": "module.network",
      "mode": "managed",
      "type": "google_compute_subnetwork",
      "name": "restricted-sn",
      "provider": "provider[\"registry.terraform.io/hashicorp/google\"]",
      "instances": [
        {
          "schema_version": 0,
          "attributes": {
            "creation_timestamp": "2022-07-23T15:11:35.785-07:00",
            "description": "",
            "fingerprint": null,
            "gateway_address": "10.10.0.1",
            "id": "projects/gcp-terraform-357100/regions/us-central1/subnetworks/restricted-subnet",
            "ip_cidr_range": "10.10.0.0/16",
            "log_config": [],
            "name": "restricted-subnet",
            "network": "https://www.googleapis.com/compute/v1/projects/gcp-terraform-357100/global/networks/vpc-gke",
            "private_ip_google_access": true,
            "private_ipv6_google_access": "DISABLE_GOOGLE_ACCESS",
            "project": "gcp-terraform-357100",
            "region": "us-central1",
            "secondary_ip_range": [
              {
                "ip_cidr_range": "10.101.0.0/16",
                "range_name": "gke-private-cluster-pods-64071446"
              },
              {
                "ip_cidr_range": "10.102.0.0/16",
                "range_name": "gke-private-cluster-services-64071446"
              }
            ],
            "self_link": "https://www.googleapis.com/compute/v1/projects/gcp-terraform-357100/regions/us-central1/subnetworks/restricted-subnet",
            "timeouts": null
          },
          "sensitive_attributes": [],
          "private": "eyJlMmJmYjczMC1lY2FhLTExZTYtOGY4OC0zNDM2M2JjN2M0YzAiOnsiY3JlYXRlIjozNjAwMDAwMDAwMDAsImRlbGV0ZSI6MzYwMDAwMDAwMDAwLCJ1cGRhdGUiOjM2MDAwMDAwMDAwMH19",
          "dependencies": [
            "module.network.google_compute_network.vpc"
          ]
        }
      ]
    }
  ]
}
