{
  "version": 4,
  "terraform_version": "1.2.5",
  "serial": 144,
  "lineage": "fb5809ff-5373-7fee-3681-7f0a5cbcdf55",
  "outputs": {
    "bastion_open_tunnel_command": {
      "value": "gcloud compute ssh management-vm --project gcp-terraform-357100 --zone us-central1-a -- -L8888:127.0.0.1:8888 -f tail -f /dev/null",
      "type": "string"
    }
  },
  "resources": [
    {
      "module": "module.bastion",
      "mode": "managed",
      "type": "google_compute_firewall",
      "name": "bastion-ssh",
      "provider": "provider[\"registry.terraform.io/hashicorp/google\"]",
      "instances": [
        {
          "schema_version": 1,
          "attributes": {
            "allow": [
              {
                "ports": [
                  "22"
                ],
                "protocol": "tcp"
              }
            ],
            "creation_timestamp": "2022-07-30T15:39:31.893-07:00",
            "deny": [],
            "description": "",
            "destination_ranges": [],
            "direction": "INGRESS",
            "disabled": false,
            "enable_logging": null,
            "id": "projects/gcp-terraform-357100/global/firewalls/bastion-ssh",
            "log_config": [],
            "name": "bastion-ssh",
            "network": "https://www.googleapis.com/compute/v1/projects/gcp-terraform-357100/global/networks/vpc-gke",
            "priority": 1000,
            "project": "gcp-terraform-357100",
            "self_link": "https://www.googleapis.com/compute/v1/projects/gcp-terraform-357100/global/firewalls/bastion-ssh",
            "source_ranges": [
              "0.0.0.0/0"
            ],
            "source_service_accounts": [],
            "source_tags": [],
            "target_service_accounts": [],
            "target_tags": [
              "bastion"
            ],
            "timeouts": null
          },
          "sensitive_attributes": [],
          "private": "eyJlMmJmYjczMC1lY2FhLTExZTYtOGY4OC0zNDM2M2JjN2M0YzAiOnsiY3JlYXRlIjoyNDAwMDAwMDAwMDAsImRlbGV0ZSI6MjQwMDAwMDAwMDAwLCJ1cGRhdGUiOjI0MDAwMDAwMDAwMH0sInNjaGVtYV92ZXJzaW9uIjoiMSJ9",
          "dependencies": [
            "module.network.google_compute_network.vpc"
          ]
        }
      ]
    },
    {
      "module": "module.bastion",
      "mode": "managed",
      "type": "google_compute_instance",
      "name": "bastion",
      "provider": "provider[\"registry.terraform.io/hashicorp/google\"]",
      "instances": [
        {
          "schema_version": 6,
          "attributes": {
            "allow_stopping_for_update": true,
            "attached_disk": [],
            "boot_disk": [
              {
                "auto_delete": true,
                "device_name": "persistent-disk-0",
                "disk_encryption_key_raw": "",
                "disk_encryption_key_sha256": "",
                "initialize_params": [
                  {
                    "image": "https://www.googleapis.com/compute/v1/projects/debian-cloud/global/images/debian-10-buster-v20220719",
                    "labels": {},
                    "size": 10,
                    "type": "pd-standard"
                  }
                ],
                "kms_key_self_link": "",
                "mode": "READ_WRITE",
                "source": "https://www.googleapis.com/compute/v1/projects/gcp-terraform-357100/zones/us-central1-a/disks/management-vm"
              }
            ],
            "can_ip_forward": false,
            "cpu_platform": "Intel Broadwell",
            "current_status": "RUNNING",
            "deletion_protection": false,
            "description": "",
            "desired_status": null,
            "enable_display": false,
            "guest_accelerator": [],
            "hostname": "",
            "id": "projects/gcp-terraform-357100/zones/us-central1-a/instances/management-vm",
            "instance_id": "6501671382165229020",
            "label_fingerprint": "42WmSpB8rSM=",
            "labels": {},
            "machine_type": "e2-medium",
            "metadata": {},
            "metadata_fingerprint": "eq6nrAsgw44=",
            "metadata_startup_script": "",
            "min_cpu_platform": "",
            "name": "management-vm",
            "network_interface": [
              {
                "access_config": [],
                "alias_ip_range": [],
                "name": "nic0",
                "network": "https://www.googleapis.com/compute/v1/projects/gcp-terraform-357100/global/networks/vpc-gke",
                "network_ip": "10.0.0.2",
                "subnetwork": "https://www.googleapis.com/compute/v1/projects/gcp-terraform-357100/regions/us-central1/subnetworks/management-subnet",
                "subnetwork_project": "gcp-terraform-357100"
              }
            ],
            "project": "gcp-terraform-357100",
            "resource_policies": [],
            "scheduling": [
              {
                "automatic_restart": true,
                "node_affinities": [],
                "on_host_maintenance": "MIGRATE",
                "preemptible": false
              }
            ],
            "scratch_disk": [],
            "self_link": "https://www.googleapis.com/compute/v1/projects/gcp-terraform-357100/zones/us-central1-a/instances/management-vm",
            "service_account": [
              {
                "email": "bastion-service-account@gcp-terraform-357100.iam.gserviceaccount.com",
                "scopes": [
                  "https://www.googleapis.com/auth/cloud-platform"
                ]
              }
            ],
            "shielded_instance_config": [
              {
                "enable_integrity_monitoring": true,
                "enable_secure_boot": false,
                "enable_vtpm": true
              }
            ],
            "tags": [
              "bastion"
            ],
            "tags_fingerprint": "NfTTNVh6sLU=",
            "timeouts": null,
            "zone": "us-central1-a"
          },
          "sensitive_attributes": [],
          "private": "eyJlMmJmYjczMC1lY2FhLTExZTYtOGY4OC0zNDM2M2JjN2M0YzAiOnsiY3JlYXRlIjoxMjAwMDAwMDAwMDAwLCJkZWxldGUiOjEyMDAwMDAwMDAwMDAsInVwZGF0ZSI6MTIwMDAwMDAwMDAwMH0sInNjaGVtYV92ZXJzaW9uIjoiNiJ9",
          "dependencies": [
            "module.bastion.google_service_account.bastion-sa",
            "module.network.google_compute_network.vpc",
            "module.network.google_compute_subnetwork.management-sn"
          ]
        }
      ]
    },
    {
      "module": "module.bastion",
      "mode": "managed",
      "type": "google_service_account",
      "name": "bastion-sa",
      "provider": "provider[\"registry.terraform.io/hashicorp/google\"]",
      "instances": [
        {
          "schema_version": 0,
          "attributes": {
            "account_id": "bastion-service-account",
            "description": "",
            "display_name": "Service Account for Bastion VM",
            "email": "bastion-service-account@gcp-terraform-357100.iam.gserviceaccount.com",
            "id": "projects/gcp-terraform-357100/serviceAccounts/bastion-service-account@gcp-terraform-357100.iam.gserviceaccount.com",
            "name": "projects/gcp-terraform-357100/serviceAccounts/bastion-service-account@gcp-terraform-357100.iam.gserviceaccount.com",
            "project": "gcp-terraform-357100",
            "timeouts": null,
            "unique_id": "105653787795919056700"
          },
          "sensitive_attributes": [],
          "private": "eyJlMmJmYjczMC1lY2FhLTExZTYtOGY4OC0zNDM2M2JjN2M0YzAiOnsiY3JlYXRlIjozMDAwMDAwMDAwMDB9fQ=="
        }
      ]
    },
    {
      "module": "module.gke",
      "mode": "managed",
      "type": "google_container_cluster",
      "name": "private_cluster",
      "provider": "provider[\"registry.terraform.io/hashicorp/google\"]",
      "instances": [
        {
          "schema_version": 1,
          "attributes": {
            "addons_config": [
              {
                "cloudrun_config": [],
                "horizontal_pod_autoscaling": [],
                "http_load_balancing": [],
                "network_policy_config": [
                  {
                    "disabled": false
                  }
                ]
              }
            ],
            "authenticator_groups_config": [],
            "cluster_autoscaling": [
              {
                "auto_provisioning_defaults": [],
                "enabled": false,
                "resource_limits": []
              }
            ],
            "cluster_ipv4_cidr": "10.101.0.0/16",
            "database_encryption": [
              {
                "key_name": "",
                "state": "DECRYPTED"
              }
            ],
            "default_max_pods_per_node": 110,
            "description": "",
            "enable_binary_authorization": false,
            "enable_intranode_visibility": null,
            "enable_kubernetes_alpha": false,
            "enable_legacy_abac": false,
            "enable_shielded_nodes": false,
            "enable_tpu": null,
            "endpoint": "10.100.100.2",
            "id": "projects/gcp-terraform-357100/locations/us-central1/clusters/private-cluster",
            "initial_node_count": 2,
            "instance_group_urls": [],
            "ip_allocation_policy": [
              {
                "cluster_ipv4_cidr_block": "10.101.0.0/16",
                "cluster_secondary_range_name": "gke-private-cluster-pods-e4f28dd5",
                "services_ipv4_cidr_block": "10.102.0.0/16",
                "services_secondary_range_name": "gke-private-cluster-services-e4f28dd5"
              }
            ],
            "label_fingerprint": "a9dc16a7",
            "location": "us-central1",
            "logging_service": "logging.googleapis.com/kubernetes",
            "maintenance_policy": [],
            "master_auth": [
              {
                "client_certificate": "",
                "client_certificate_config": [
                  {
                    "issue_client_certificate": false
                  }
                ],
                "client_key": "",
                "cluster_ca_certificate": "LS0tLS1CRUdJTiBDRVJUSUZJQ0FURS0tLS0tCk1JSUVMVENDQXBXZ0F3SUJBZ0lSQUlHTUhraVVjWXNpMFhFc0pvMEs1UzB3RFFZSktvWklodmNOQVFFTEJRQXcKTHpFdE1Dc0dBMVVFQXhNa05HRmlObVppWkdRdE1UWTFZUzAwTjJVMExUbGxOalF0TWprek9XUXlNV0V4TnpVNApNQ0FYRFRJeU1EY3pNVEl5TWpZeU0xb1lEekl3TlRJd056SXpNak15TmpJeldqQXZNUzB3S3dZRFZRUURFeVEwCllXSTJabUprWkMweE5qVmhMVFEzWlRRdE9XVTJOQzB5T1RNNVpESXhZVEUzTlRnd2dnR2lNQTBHQ1NxR1NJYjMKRFFFQkFRVUFBNElCandBd2dnR0tBb0lCZ1FDNW1PTnB4K1o4SEdhQ2lVNlo1VG9FMTcxRGM0R3BNdm5DOUx4YQprM0wxc2hWSFFUaDIzekI5dlJNL0drLytvSC8ydWJhajJHY3dyZCtKaTU2amMxQzE3czdzbnlVZUxjcEI3R05WCjNVa2lwZE9kTVJLVE9hVVJRUGtINlIxUnVDWUpScmFZWGtSRGNuemlmVXE5OElCczN0c1hROVJ1VlNOT3hhL2IKK3dJTFVpcXRaK1lDaUdwQlFoQURIdmdqZmdQS3lPNkRLSldPSnZvOVcyNUV4NkFGclpIZTBNaEFHMmpuRkxHYgp4aG1Cc0xsZnpoY0h0a2RaOWdJUjhRSk5yNVdkZDd0dEZXS3JIMlN1VmdXSjRtMDVsVEtiZm5lZWxwWEFkcEFqCnFjTTgrT0xvMFBkMlVqcFJLbFl4WW1pZ1VpTnJlRzV1L0ZXWDZRaC9KK1AydHZydngwdm1QenpsdkppZFlaQkgKMXM0NEdzL0s1RU50WHgwY0ZDQ1oxVGNjaVZMRjh1WDdJbC90ZFVVaHoycGdVbWFXdW11N2ZPRXNHRTdsbXdRSgpLTWptRWtvVEdQbHJnSXpKeFVvUkY2Y2pyaWoyczdqNHVtMzFZS1F6Z3g4aDE4dzl6QXp0ejFkMHBkOWlCZjVFCjdNMzA4VnlGY213MmJRcTFuVUJ5Q3NWM1ZaTUNBd0VBQWFOQ01FQXdEZ1lEVlIwUEFRSC9CQVFEQWdJRU1BOEcKQTFVZEV3RUIvd1FGTUFNQkFmOHdIUVlEVlIwT0JCWUVGSWZqblU4TjU4c1BXbEViY0drSUp3K0pZQ3FPTUEwRwpDU3FHU0liM0RRRUJDd1VBQTRJQmdRQnJLZUU1dk1QUVN1ZkJZU2t6d0VseEJmTjhqem1tQVdkcEtraWxocmk1CjhjSnB6cFVZaHEwdXZLN1lTS1c3RHJQRjhpN1E0MTNtVnFoK1IvQTVUZGN3NHJXaFlHcmpnRjRKY1NIalQ5KzMKT2R0QTFtTnFTVjdMQ2ZtMEpUeUZ0WUpwRU90RURRNS82RSswVVVEaXZ1OXdFa05uRUVZMWdrcUw4bGpHREwzRApXMHNQY1V3MTdmQVc3K2dIMDRCQ1hGVjNoaVdaYjV1UXpnQXBETHVwcGNFRDFoeWZvUXF5dXV2amVIeTYwb1FVCm92RHRzSWZLTnFxc2U1R0FLRmF3c0tXVUUzOWM5OFVtVm44YVcwRDcrZ3E3OFd2ZllaQU1qUEJWZHpyZGdyUDAKNVBxY1M4cXdteVlJdWkzM3ZwWlhsVDFnSjJrK3hZR0J1aFNnRFRIWFNNbk9meFF3VmVHYXRuVVk3dlUzc3d4ZAp0VWtqdE9SYWJaa2VMWTJ0T2FETWxEdG1mRHJGYWRydiswUVU1U0hyQmlEcjU0elpHbEZPZ29odWhRQkhEU1FoCmZFZTZEUnR0dXc1cmRvVjZkQndFZWVZeXNYUWZheGRzUXF2MUV4UVBHNUtpTFFXbnV1eGFBZ3NBeW9OSklFNVEKOWpCWUhSbk5uaGV2SDZBTlg1clFRbk09Ci0tLS0tRU5EIENFUlRJRklDQVRFLS0tLS0K",
                "password": "",
                "username": ""
              }
            ],
            "master_authorized_networks_config": [
              {
                "cidr_blocks": [
                  {
                    "cidr_block": "10.0.0.2/32",
                    "display_name": "External Control Plane access"
                  }
                ]
              }
            ],
            "master_version": "1.21.12-gke.1500",
            "min_master_version": null,
            "monitoring_service": "monitoring.googleapis.com/kubernetes",
            "name": "private-cluster",
            "network": "projects/gcp-terraform-357100/global/networks/vpc-gke",
            "network_policy": [
              {
                "enabled": true,
                "provider": ""
              }
            ],
            "node_config": [],
            "node_locations": [
              "us-central1-a",
              "us-central1-b",
              "us-central1-f"
            ],
            "node_pool": [],
            "node_version": "1.21.12-gke.1500",
            "operation": null,
            "pod_security_policy_config": [],
            "private_cluster_config": [
              {
                "enable_private_endpoint": true,
                "enable_private_nodes": true,
                "master_ipv4_cidr_block": "10.100.100.0/28",
                "peering_name": "gke-nf73b9de5aa1b515fc95-a94a-b42d-peer",
                "private_endpoint": "10.100.100.2",
                "public_endpoint": "34.133.61.32"
              }
            ],
            "project": "gcp-terraform-357100",
            "release_channel": [
              {
                "channel": "STABLE"
              }
            ],
            "remove_default_node_pool": true,
            "resource_labels": null,
            "resource_usage_export_config": [],
            "self_link": "https://container.googleapis.com/v1beta1/projects/gcp-terraform-357100/locations/us-central1/clusters/private-cluster",
            "services_ipv4_cidr": "10.102.0.0/16",
            "subnetwork": "projects/gcp-terraform-357100/regions/us-central1/subnetworks/restricted-subnet",
            "timeouts": null,
            "vertical_pod_autoscaling": [],
            "workload_identity_config": []
          },
          "sensitive_attributes": [],
          "private": "eyJlMmJmYjczMC1lY2FhLTExZTYtOGY4OC0zNDM2M2JjN2M0YzAiOnsiY3JlYXRlIjoyNDAwMDAwMDAwMDAwLCJkZWxldGUiOjI0MDAwMDAwMDAwMDAsInJlYWQiOjI0MDAwMDAwMDAwMDAsInVwZGF0ZSI6MzYwMDAwMDAwMDAwMH0sInNjaGVtYV92ZXJzaW9uIjoiMSJ9",
          "dependencies": [
            "module.bastion.google_compute_instance.bastion",
            "module.network.google_compute_network.vpc",
            "module.network.google_compute_subnetwork.restricted-sn"
          ]
        }
      ]
    },
    {
      "module": "module.gke",
      "mode": "managed",
      "type": "google_container_node_pool",
      "name": "private-cluster-node-pool",
      "provider": "provider[\"registry.terraform.io/hashicorp/google\"]",
      "instances": [
        {
          "schema_version": 1,
          "attributes": {
            "autoscaling": [
              {
                "max_node_count": 1,
                "min_node_count": 1
              }
            ],
            "cluster": "private-cluster",
            "id": "projects/gcp-terraform-357100/locations/us-central1/clusters/private-cluster/nodePools/private-cluster-node-pool",
            "initial_node_count": 1,
            "instance_group_urls": [
              "https://www.googleapis.com/compute/v1/projects/gcp-terraform-357100/zones/us-central1-b/instanceGroupManagers/gke-private-cluster-private-cluster-n-5bf928d4-grp"
            ],
            "location": "us-central1",
            "management": [
              {
                "auto_repair": true,
                "auto_upgrade": true
              }
            ],
            "max_pods_per_node": 100,
            "name": "private-cluster-node-pool",
            "name_prefix": "",
            "node_config": [
              {
                "disk_size_gb": 100,
                "disk_type": "pd-standard",
                "guest_accelerator": [],
                "image_type": "COS_CONTAINERD",
                "labels": {
                  "cluster": "private-cluster"
                },
                "local_ssd_count": 0,
                "machine_type": "e2-medium",
                "metadata": {
                  "disable-legacy-endpoints": "true"
                },
                "min_cpu_platform": "",
                "oauth_scopes": [
                  "https://www.googleapis.com/auth/cloud-platform"
                ],
                "preemptible": true,
                "service_account": "my-sa-817@gcp-terraform-357100.iam.gserviceaccount.com",
                "shielded_instance_config": [
                  {
                    "enable_integrity_monitoring": true,
                    "enable_secure_boot": false
                  }
                ],
                "tags": null,
                "taint": [],
                "workload_metadata_config": []
              }
            ],
            "node_count": 1,
            "node_locations": [
              "us-central1-b"
            ],
            "project": "gcp-terraform-357100",
            "timeouts": null,
            "upgrade_settings": [
              {
                "max_surge": 1,
                "max_unavailable": 0
              }
            ],
            "version": "1.21.12-gke.1500"
          },
          "sensitive_attributes": [],
          "private": "eyJlMmJmYjczMC1lY2FhLTExZTYtOGY4OC0zNDM2M2JjN2M0YzAiOnsiY3JlYXRlIjoxODAwMDAwMDAwMDAwLCJkZWxldGUiOjE4MDAwMDAwMDAwMDAsInVwZGF0ZSI6MTgwMDAwMDAwMDAwMH0sInNjaGVtYV92ZXJzaW9uIjoiMSJ9",
          "dependencies": [
            "module.bastion.google_compute_instance.bastion",
            "module.gke.google_container_cluster.private_cluster",
            "module.network.google_compute_network.vpc",
            "module.network.google_compute_subnetwork.restricted-sn"
          ]
        }
      ]
    },
    {
      "module": "module.network",
      "mode": "managed",
      "type": "google_compute_network",
      "name": "vpc",
      "provider": "provider[\"registry.terraform.io/hashicorp/google\"]",
      "instances": [
        {
          "schema_version": 0,
          "attributes": {
            "auto_create_subnetworks": false,
            "delete_default_routes_on_create": true,
            "description": "",
            "gateway_ipv4": "",
            "id": "projects/gcp-terraform-357100/global/networks/vpc-gke",
            "mtu": 0,
            "name": "vpc-gke",
            "project": "gcp-terraform-357100",
            "routing_mode": "REGIONAL",
            "self_link": "https://www.googleapis.com/compute/v1/projects/gcp-terraform-357100/global/networks/vpc-gke",
            "timeouts": null
          },
          "sensitive_attributes": [],
          "private": "eyJlMmJmYjczMC1lY2FhLTExZTYtOGY4OC0zNDM2M2JjN2M0YzAiOnsiY3JlYXRlIjoyNDAwMDAwMDAwMDAsImRlbGV0ZSI6MjQwMDAwMDAwMDAwLCJ1cGRhdGUiOjI0MDAwMDAwMDAwMH19"
        }
      ]
    },
    {
      "module": "module.network",
      "mode": "managed",
      "type": "google_compute_route",
      "name": "egress_internet",
      "provider": "provider[\"registry.terraform.io/hashicorp/google\"]",
      "instances": [
        {
          "schema_version": 0,
          "attributes": {
            "description": "",
            "dest_range": "0.0.0.0/0",
            "id": "projects/gcp-terraform-357100/global/routes/egress-internet",
            "name": "egress-internet",
            "network": "https://www.googleapis.com/compute/v1/projects/gcp-terraform-357100/global/networks/vpc-gke",
            "next_hop_gateway": "https://www.googleapis.com/compute/v1/projects/gcp-terraform-357100/global/gateways/default-internet-gateway",
            "next_hop_ilb": "",
            "next_hop_instance": "",
            "next_hop_instance_zone": null,
            "next_hop_ip": "",
            "next_hop_network": "",
            "next_hop_vpn_tunnel": "",
            "priority": 1000,
            "project": "gcp-terraform-357100",
            "self_link": "https://www.googleapis.com/compute/v1/projects/gcp-terraform-357100/global/routes/egress-internet",
            "tags": [],
            "timeouts": null
          },
          "sensitive_attributes": [],
          "private": "eyJlMmJmYjczMC1lY2FhLTExZTYtOGY4OC0zNDM2M2JjN2M0YzAiOnsiY3JlYXRlIjoyNDAwMDAwMDAwMDAsImRlbGV0ZSI6MjQwMDAwMDAwMDAwfX0=",
          "dependencies": [
            "module.network.google_compute_network.vpc"
          ]
        }
      ]
    },
    {
      "module": "module.network",
      "mode": "managed",
      "type": "google_compute_router",
      "name": "router",
      "provider": "provider[\"registry.terraform.io/hashicorp/google\"]",
      "instances": [
        {
          "schema_version": 0,
          "attributes": {
            "bgp": [],
            "creation_timestamp": "2022-07-31T16:15:00.382-07:00",
            "description": "",
            "id": "projects/gcp-terraform-357100/regions/us-central1/routers/vm-router",
            "name": "vm-router",
            "network": "https://www.googleapis.com/compute/v1/projects/gcp-terraform-357100/global/networks/vpc-gke",
            "project": "gcp-terraform-357100",
            "region": "us-central1",
            "self_link": "https://www.googleapis.com/compute/v1/projects/gcp-terraform-357100/regions/us-central1/routers/vm-router",
            "timeouts": null
          },
          "sensitive_attributes": [],
          "private": "eyJlMmJmYjczMC1lY2FhLTExZTYtOGY4OC0zNDM2M2JjN2M0YzAiOnsiY3JlYXRlIjoyNDAwMDAwMDAwMDAsImRlbGV0ZSI6MjQwMDAwMDAwMDAwLCJ1cGRhdGUiOjI0MDAwMDAwMDAwMH19",
          "dependencies": [
            "module.network.google_compute_network.vpc"
          ]
        }
      ]
    },
    {
      "module": "module.network",
      "mode": "managed",
      "type": "google_compute_router_nat",
      "name": "nat",
      "provider": "provider[\"registry.terraform.io/hashicorp/google\"]",
      "instances": [
        {
          "schema_version": 0,
          "attributes": {
            "drain_nat_ips": [],
            "icmp_idle_timeout_sec": 30,
            "id": "gcp-terraform-357100/us-central1/vm-router/vm-router-nat",
            "log_config": [
              {
                "enable": true,
                "filter": "ERRORS_ONLY"
              }
            ],
            "min_ports_per_vm": 0,
            "name": "vm-router-nat",
            "nat_ip_allocate_option": "AUTO_ONLY",
            "nat_ips": [],
            "project": "gcp-terraform-357100",
            "region": "us-central1",
            "router": "vm-router",
            "source_subnetwork_ip_ranges_to_nat": "LIST_OF_SUBNETWORKS",
            "subnetwork": [
              {
                "name": "https://www.googleapis.com/compute/v1/projects/gcp-terraform-357100/regions/us-central1/subnetworks/management-subnet",
                "secondary_ip_range_names": [],
                "source_ip_ranges_to_nat": [
                  "ALL_IP_RANGES"
                ]
              }
            ],
            "tcp_established_idle_timeout_sec": 1200,
            "tcp_transitory_idle_timeout_sec": 30,
            "timeouts": null,
            "udp_idle_timeout_sec": 30
          },
          "sensitive_attributes": [],
          "private": "eyJlMmJmYjczMC1lY2FhLTExZTYtOGY4OC0zNDM2M2JjN2M0YzAiOnsiY3JlYXRlIjo2MDAwMDAwMDAwMDAsImRlbGV0ZSI6NjAwMDAwMDAwMDAwLCJ1cGRhdGUiOjYwMDAwMDAwMDAwMH19",
          "dependencies": [
            "module.network.google_compute_network.vpc",
            "module.network.google_compute_router.router",
            "module.network.google_compute_subnetwork.management-sn"
          ]
        }
      ]
    },
    {
      "module": "module.network",
      "mode": "managed",
      "type": "google_compute_router_nat",
      "name": "nat_cluster",
      "provider": "provider[\"registry.terraform.io/hashicorp/google\"]",
      "instances": [
        {
          "schema_version": 0,
          "attributes": {
            "drain_nat_ips": [],
            "icmp_idle_timeout_sec": 30,
            "id": "gcp-terraform-357100/us-central1/vm-router/cluster-router-nat",
            "log_config": [
              {
                "enable": true,
                "filter": "ERRORS_ONLY"
              }
            ],
            "min_ports_per_vm": 0,
            "name": "cluster-router-nat",
            "nat_ip_allocate_option": "AUTO_ONLY",
            "nat_ips": [],
            "project": "gcp-terraform-357100",
            "region": "us-central1",
            "router": "vm-router",
            "source_subnetwork_ip_ranges_to_nat": "LIST_OF_SUBNETWORKS",
            "subnetwork": [
              {
                "name": "https://www.googleapis.com/compute/v1/projects/gcp-terraform-357100/regions/us-central1/subnetworks/restricted-subnet",
                "secondary_ip_range_names": [],
                "source_ip_ranges_to_nat": [
                  "ALL_IP_RANGES"
                ]
              }
            ],
            "tcp_established_idle_timeout_sec": 1200,
            "tcp_transitory_idle_timeout_sec": 30,
            "timeouts": null,
            "udp_idle_timeout_sec": 30
          },
          "sensitive_attributes": [],
          "private": "eyJlMmJmYjczMC1lY2FhLTExZTYtOGY4OC0zNDM2M2JjN2M0YzAiOnsiY3JlYXRlIjo2MDAwMDAwMDAwMDAsImRlbGV0ZSI6NjAwMDAwMDAwMDAwLCJ1cGRhdGUiOjYwMDAwMDAwMDAwMH19",
          "dependencies": [
            "module.network.google_compute_network.vpc",
            "module.network.google_compute_router.router",
            "module.network.google_compute_subnetwork.restricted-sn"
          ]
        }
      ]
    },
    {
      "module": "module.network",
      "mode": "managed",
      "type": "google_compute_subnetwork",
      "name": "management-sn",
      "provider": "provider[\"registry.terraform.io/hashicorp/google\"]",
      "instances": [
        {
          "schema_version": 0,
          "attributes": {
            "creation_timestamp": "2022-07-30T15:39:32.072-07:00",
            "description": "",
            "fingerprint": null,
            "gateway_address": "10.0.0.1",
            "id": "projects/gcp-terraform-357100/regions/us-central1/subnetworks/management-subnet",
            "ip_cidr_range": "10.0.0.0/16",
            "log_config": [],
            "name": "management-subnet",
            "network": "https://www.googleapis.com/compute/v1/projects/gcp-terraform-357100/global/networks/vpc-gke",
            "private_ip_google_access": true,
            "private_ipv6_google_access": "DISABLE_GOOGLE_ACCESS",
            "project": "gcp-terraform-357100",
            "region": "us-central1",
            "secondary_ip_range": [],
            "self_link": "https://www.googleapis.com/compute/v1/projects/gcp-terraform-357100/regions/us-central1/subnetworks/management-subnet",
            "timeouts": null
          },
          "sensitive_attributes": [],
          "private": "eyJlMmJmYjczMC1lY2FhLTExZTYtOGY4OC0zNDM2M2JjN2M0YzAiOnsiY3JlYXRlIjozNjAwMDAwMDAwMDAsImRlbGV0ZSI6MzYwMDAwMDAwMDAwLCJ1cGRhdGUiOjM2MDAwMDAwMDAwMH19",
          "dependencies": [
            "module.network.google_compute_network.vpc"
          ]
        }
      ]
    },
    {
      "module": "module.network",
      "mode": "managed",
      "type": "google_compute_subnetwork",
      "name": "restricted-sn",
      "provider": "provider[\"registry.terraform.io/hashicorp/google\"]",
      "instances": [
        {
          "schema_version": 0,
          "attributes": {
            "creation_timestamp": "2022-07-30T15:39:32.472-07:00",
            "description": "",
            "fingerprint": null,
            "gateway_address": "10.10.0.1",
            "id": "projects/gcp-terraform-357100/regions/us-central1/subnetworks/restricted-subnet",
            "ip_cidr_range": "10.10.0.0/16",
            "log_config": [],
            "name": "restricted-subnet",
            "network": "https://www.googleapis.com/compute/v1/projects/gcp-terraform-357100/global/networks/vpc-gke",
            "private_ip_google_access": true,
            "private_ipv6_google_access": "DISABLE_GOOGLE_ACCESS",
            "project": "gcp-terraform-357100",
            "region": "us-central1",
            "secondary_ip_range": [],
            "self_link": "https://www.googleapis.com/compute/v1/projects/gcp-terraform-357100/regions/us-central1/subnetworks/restricted-subnet",
            "timeouts": null
          },
          "sensitive_attributes": [],
          "private": "eyJlMmJmYjczMC1lY2FhLTExZTYtOGY4OC0zNDM2M2JjN2M0YzAiOnsiY3JlYXRlIjozNjAwMDAwMDAwMDAsImRlbGV0ZSI6MzYwMDAwMDAwMDAwLCJ1cGRhdGUiOjM2MDAwMDAwMDAwMH19",
          "dependencies": [
            "module.network.google_compute_network.vpc"
          ]
        }
      ]
    }
  ]
}
